// !$*UTF8*$!
{
	archiveVersion = 1;
	classes = {
	};
	objectVersion = 77;
	objects = {

/* Begin PBXBuildFile section */
		7BC5AF8FEE3D5AF53331F658 /* Pods_iOSclub_iOSclubUITests.framework in Frameworks */ = {isa = PBXBuildFile; fileRef = 1DF3D3A914B1BC3FDE88C375 /* Pods_iOSclub_iOSclubUITests.framework */; };
		8BD8B92B9F9AC8CF3A03596F /* Pods_iOSclub.framework in Frameworks */ = {isa = PBXBuildFile; fileRef = 7394A63AED486AC947D331FA /* Pods_iOSclub.framework */; };
		E16803E22DAFC55000BB0403 /* FirebaseAuth in Frameworks */ = {isa = PBXBuildFile; productRef = E16803E12DAFC55000BB0403 /* FirebaseAuth */; };
		E16803E42DAFC55000BB0403 /* FirebaseFirestore in Frameworks */ = {isa = PBXBuildFile; productRef = E16803E32DAFC55000BB0403 /* FirebaseFirestore */; };
		E16803E62DAFC55000BB0403 /* FirebaseMessaging in Frameworks */ = {isa = PBXBuildFile; productRef = E16803E52DAFC55000BB0403 /* FirebaseMessaging */; };
		E16803E82DAFC55000BB0403 /* FirebaseStorage in Frameworks */ = {isa = PBXBuildFile; productRef = E16803E72DAFC55000BB0403 /* FirebaseStorage */; };
		E1B036B02DB52C8C00130B90 /* NavigationStack in Frameworks */ = {isa = PBXBuildFile; productRef = E1B036AF2DB52C8C00130B90 /* NavigationStack */; };
		E1CC8FED2D91DBA700336638 /* GoogleSignIn in Frameworks */ = {isa = PBXBuildFile; productRef = E1CC8FEC2D91DBA700336638 /* GoogleSignIn */; };
		E1CC8FEF2D91DBEC00336638 /* Supabase in Frameworks */ = {isa = PBXBuildFile; productRef = E1CC8FEE2D91DBEC00336638 /* Supabase */; };
		ECC564BAADA1366BB11C5075 /* Pods_iOSclubTests.framework in Frameworks */ = {isa = PBXBuildFile; fileRef = E5B5141ED445827C16BAFB94 /* Pods_iOSclubTests.framework */; };
/* End PBXBuildFile section */

/* Begin PBXContainerItemProxy section */
		E128D7AE2D41F8E000D4D559 /* PBXContainerItemProxy */ = {
			isa = PBXContainerItemProxy;
			containerPortal = E128D7952D41F8DD00D4D559 /* Project object */;
			proxyType = 1;
			remoteGlobalIDString = E128D79C2D41F8DD00D4D559;
			remoteInfo = iOSclub;
		};
		E128D7B82D41F8E000D4D559 /* PBXContainerItemProxy */ = {
			isa = PBXContainerItemProxy;
			containerPortal = E128D7952D41F8DD00D4D559 /* Project object */;
			proxyType = 1;
			remoteGlobalIDString = E128D79C2D41F8DD00D4D559;
			remoteInfo = iOSclub;
		};
/* End PBXContainerItemProxy section */

/* Begin PBXFileReference section */
		02E23717E2A4CACA10DC6D71 /* Pods-iOSclub-iOSclubUITests.debug.xcconfig */ = {isa = PBXFileReference; includeInIndex = 1; lastKnownFileType = text.xcconfig; name = "Pods-iOSclub-iOSclubUITests.debug.xcconfig"; path = "Target Support Files/Pods-iOSclub-iOSclubUITests/Pods-iOSclub-iOSclubUITests.debug.xcconfig"; sourceTree = "<group>"; };
		0F2F9602572344A7E8523B23 /* Pods-iOSclub.debug.xcconfig */ = {isa = PBXFileReference; includeInIndex = 1; lastKnownFileType = text.xcconfig; name = "Pods-iOSclub.debug.xcconfig"; path = "Target Support Files/Pods-iOSclub/Pods-iOSclub.debug.xcconfig"; sourceTree = "<group>"; };
		1DF3D3A914B1BC3FDE88C375 /* Pods_iOSclub_iOSclubUITests.framework */ = {isa = PBXFileReference; explicitFileType = wrapper.framework; includeInIndex = 0; path = Pods_iOSclub_iOSclubUITests.framework; sourceTree = BUILT_PRODUCTS_DIR; };
		2BF0FEA4824042DE30FDB66E /* Pods-iOSclub.release.xcconfig */ = {isa = PBXFileReference; includeInIndex = 1; lastKnownFileType = text.xcconfig; name = "Pods-iOSclub.release.xcconfig"; path = "Target Support Files/Pods-iOSclub/Pods-iOSclub.release.xcconfig"; sourceTree = "<group>"; };
		7394A63AED486AC947D331FA /* Pods_iOSclub.framework */ = {isa = PBXFileReference; explicitFileType = wrapper.framework; includeInIndex = 0; path = Pods_iOSclub.framework; sourceTree = BUILT_PRODUCTS_DIR; };
		75E88A5A7E9A126BC80AF6AF /* Pods-iOSclubTests.debug.xcconfig */ = {isa = PBXFileReference; includeInIndex = 1; lastKnownFileType = text.xcconfig; name = "Pods-iOSclubTests.debug.xcconfig"; path = "Target Support Files/Pods-iOSclubTests/Pods-iOSclubTests.debug.xcconfig"; sourceTree = "<group>"; };
		CB811667634A2375D6A2637F /* Pods-iOSclubTests.release.xcconfig */ = {isa = PBXFileReference; includeInIndex = 1; lastKnownFileType = text.xcconfig; name = "Pods-iOSclubTests.release.xcconfig"; path = "Target Support Files/Pods-iOSclubTests/Pods-iOSclubTests.release.xcconfig"; sourceTree = "<group>"; };
		E128D79D2D41F8DD00D4D559 /* iOSclub.app */ = {isa = PBXFileReference; explicitFileType = wrapper.application; includeInIndex = 0; path = iOSclub.app; sourceTree = BUILT_PRODUCTS_DIR; };
		E128D7AD2D41F8E000D4D559 /* iOSclubTests.xctest */ = {isa = PBXFileReference; explicitFileType = wrapper.cfbundle; includeInIndex = 0; path = iOSclubTests.xctest; sourceTree = BUILT_PRODUCTS_DIR; };
		E128D7B72D41F8E000D4D559 /* iOSclubUITests.xctest */ = {isa = PBXFileReference; explicitFileType = wrapper.cfbundle; includeInIndex = 0; path = iOSclubUITests.xctest; sourceTree = BUILT_PRODUCTS_DIR; };
		E5B5141ED445827C16BAFB94 /* Pods_iOSclubTests.framework */ = {isa = PBXFileReference; explicitFileType = wrapper.framework; includeInIndex = 0; path = Pods_iOSclubTests.framework; sourceTree = BUILT_PRODUCTS_DIR; };
		F15FA5C1EF9DB3CB717A5CB8 /* Pods-iOSclub-iOSclubUITests.release.xcconfig */ = {isa = PBXFileReference; includeInIndex = 1; lastKnownFileType = text.xcconfig; name = "Pods-iOSclub-iOSclubUITests.release.xcconfig"; path = "Target Support Files/Pods-iOSclub-iOSclubUITests/Pods-iOSclub-iOSclubUITests.release.xcconfig"; sourceTree = "<group>"; };
/* End PBXFileReference section */

/* Begin PBXFileSystemSynchronizedRootGroup section */
		E128D79F2D41F8DD00D4D559 /* iOSclub */ = {
			isa = PBXFileSystemSynchronizedRootGroup;
			path = iOSclub;
			sourceTree = "<group>";
		};
		E128D7B02D41F8E000D4D559 /* iOSclubTests */ = {
			isa = PBXFileSystemSynchronizedRootGroup;
			path = iOSclubTests;
			sourceTree = "<group>";
		};
		E128D7BA2D41F8E000D4D559 /* iOSclubUITests */ = {
			isa = PBXFileSystemSynchronizedRootGroup;
			path = iOSclubUITests;
			sourceTree = "<group>";
		};
/* End PBXFileSystemSynchronizedRootGroup section */

/* Begin PBXFrameworksBuildPhase section */
		E128D79A2D41F8DD00D4D559 /* Frameworks */ = {
			isa = PBXFrameworksBuildPhase;
			buildActionMask = 2147483647;
			files = (
				E16803E62DAFC55000BB0403 /* FirebaseMessaging in Frameworks */,
				8BD8B92B9F9AC8CF3A03596F /* Pods_iOSclub.framework in Frameworks */,
				E1CC8FED2D91DBA700336638 /* GoogleSignIn in Frameworks */,
				E1CC8FEF2D91DBEC00336638 /* Supabase in Frameworks */,
				E16803E82DAFC55000BB0403 /* FirebaseStorage in Frameworks */,
				E1B036B02DB52C8C00130B90 /* NavigationStack in Frameworks */,
				E16803E42DAFC55000BB0403 /* FirebaseFirestore in Frameworks */,
				E16803E22DAFC55000BB0403 /* FirebaseAuth in Frameworks */,
			);
			runOnlyForDeploymentPostprocessing = 0;
		};
		E128D7AA2D41F8E000D4D559 /* Frameworks */ = {
			isa = PBXFrameworksBuildPhase;
			buildActionMask = 2147483647;
			files = (
				ECC564BAADA1366BB11C5075 /* Pods_iOSclubTests.framework in Frameworks */,
			);
			runOnlyForDeploymentPostprocessing = 0;
		};
		E128D7B42D41F8E000D4D559 /* Frameworks */ = {
			isa = PBXFrameworksBuildPhase;
			buildActionMask = 2147483647;
			files = (
				7BC5AF8FEE3D5AF53331F658 /* Pods_iOSclub_iOSclubUITests.framework in Frameworks */,
			);
			runOnlyForDeploymentPostprocessing = 0;
		};
/* End PBXFrameworksBuildPhase section */

/* Begin PBXGroup section */
		9B72D029F124AB76BFAE4550 /* Frameworks */ = {
			isa = PBXGroup;
			children = (
				7394A63AED486AC947D331FA /* Pods_iOSclub.framework */,
				1DF3D3A914B1BC3FDE88C375 /* Pods_iOSclub_iOSclubUITests.framework */,
				E5B5141ED445827C16BAFB94 /* Pods_iOSclubTests.framework */,
			);
			name = Frameworks;
			sourceTree = "<group>";
		};
		E128D7942D41F8DD00D4D559 = {
			isa = PBXGroup;
			children = (
				E128D79F2D41F8DD00D4D559 /* iOSclub */,
				E128D7B02D41F8E000D4D559 /* iOSclubTests */,
				E128D7BA2D41F8E000D4D559 /* iOSclubUITests */,
				E128D79E2D41F8DD00D4D559 /* Products */,
				F043464165CA68FEFEA1529F /* Pods */,
				9B72D029F124AB76BFAE4550 /* Frameworks */,
			);
			sourceTree = "<group>";
		};
		E128D79E2D41F8DD00D4D559 /* Products */ = {
			isa = PBXGroup;
			children = (
				E128D79D2D41F8DD00D4D559 /* iOSclub.app */,
				E128D7AD2D41F8E000D4D559 /* iOSclubTests.xctest */,
				E128D7B72D41F8E000D4D559 /* iOSclubUITests.xctest */,
			);
			name = Products;
			sourceTree = "<group>";
		};
		F043464165CA68FEFEA1529F /* Pods */ = {
			isa = PBXGroup;
			children = (
				0F2F9602572344A7E8523B23 /* Pods-iOSclub.debug.xcconfig */,
				2BF0FEA4824042DE30FDB66E /* Pods-iOSclub.release.xcconfig */,
				02E23717E2A4CACA10DC6D71 /* Pods-iOSclub-iOSclubUITests.debug.xcconfig */,
				F15FA5C1EF9DB3CB717A5CB8 /* Pods-iOSclub-iOSclubUITests.release.xcconfig */,
				75E88A5A7E9A126BC80AF6AF /* Pods-iOSclubTests.debug.xcconfig */,
				CB811667634A2375D6A2637F /* Pods-iOSclubTests.release.xcconfig */,
			);
			path = Pods;
			sourceTree = "<group>";
		};
/* End PBXGroup section */

/* Begin PBXNativeTarget section */
		E128D79C2D41F8DD00D4D559 /* iOSclub */ = {
			isa = PBXNativeTarget;
			buildConfigurationList = E128D7C12D41F8E000D4D559 /* Build configuration list for PBXNativeTarget "iOSclub" */;
			buildPhases = (
				37DD8D4E3C3452F4FF9F64EB /* [CP] Check Pods Manifest.lock */,
				E128D7992D41F8DD00D4D559 /* Sources */,
				E128D79A2D41F8DD00D4D559 /* Frameworks */,
				E128D79B2D41F8DD00D4D559 /* Resources */,
			);
			buildRules = (
			);
			dependencies = (
			);
			fileSystemSynchronizedGroups = (
				E128D79F2D41F8DD00D4D559 /* iOSclub */,
			);
			name = iOSclub;
			productName = iOSclub;
			productReference = E128D79D2D41F8DD00D4D559 /* iOSclub.app */;
			productType = "com.apple.product-type.application";
		};
		E128D7AC2D41F8E000D4D559 /* iOSclubTests */ = {
			isa = PBXNativeTarget;
			buildConfigurationList = E128D7C42D41F8E000D4D559 /* Build configuration list for PBXNativeTarget "iOSclubTests" */;
			buildPhases = (
				1E2A50884B6D1B3409D11A6D /* [CP] Check Pods Manifest.lock */,
				E128D7A92D41F8E000D4D559 /* Sources */,
				E128D7AA2D41F8E000D4D559 /* Frameworks */,
				E128D7AB2D41F8E000D4D559 /* Resources */,
			);
			buildRules = (
			);
			dependencies = (
				E128D7AF2D41F8E000D4D559 /* PBXTargetDependency */,
			);
			fileSystemSynchronizedGroups = (
				E128D7B02D41F8E000D4D559 /* iOSclubTests */,
			);
			name = iOSclubTests;
			productName = iOSclubTests;
			productReference = E128D7AD2D41F8E000D4D559 /* iOSclubTests.xctest */;
			productType = "com.apple.product-type.bundle.unit-test";
		};
		E128D7B62D41F8E000D4D559 /* iOSclubUITests */ = {
			isa = PBXNativeTarget;
			buildConfigurationList = E128D7C72D41F8E000D4D559 /* Build configuration list for PBXNativeTarget "iOSclubUITests" */;
			buildPhases = (
				BBD917D2E84B6734971D2F78 /* [CP] Check Pods Manifest.lock */,
				E128D7B32D41F8E000D4D559 /* Sources */,
				E128D7B42D41F8E000D4D559 /* Frameworks */,
				E128D7B52D41F8E000D4D559 /* Resources */,
			);
			buildRules = (
			);
			dependencies = (
				E128D7B92D41F8E000D4D559 /* PBXTargetDependency */,
			);
			fileSystemSynchronizedGroups = (
				E128D7BA2D41F8E000D4D559 /* iOSclubUITests */,
			);
			name = iOSclubUITests;
			productName = iOSclubUITests;
			productReference = E128D7B72D41F8E000D4D559 /* iOSclubUITests.xctest */;
			productType = "com.apple.product-type.bundle.ui-testing";
		};
/* End PBXNativeTarget section */

/* Begin PBXProject section */
		E128D7952D41F8DD00D4D559 /* Project object */ = {
			isa = PBXProject;
			attributes = {
				BuildIndependentTargetsInParallel = 1;
				LastSwiftUpdateCheck = 1620;
				LastUpgradeCheck = 1620;
				TargetAttributes = {
					E128D79C2D41F8DD00D4D559 = {
						CreatedOnToolsVersion = 16.2;
					};
					E128D7AC2D41F8E000D4D559 = {
						CreatedOnToolsVersion = 16.2;
						TestTargetID = E128D79C2D41F8DD00D4D559;
					};
					E128D7B62D41F8E000D4D559 = {
						CreatedOnToolsVersion = 16.2;
						TestTargetID = E128D79C2D41F8DD00D4D559;
					};
				};
			};
			buildConfigurationList = E128D7982D41F8DD00D4D559 /* Build configuration list for PBXProject "iOSclub" */;
			developmentRegion = en;
			hasScannedForEncodings = 0;
			knownRegions = (
				en,
				Base,
			);
			mainGroup = E128D7942D41F8DD00D4D559;
			minimizedProjectReferenceProxies = 1;
			packageReferences = (
				E1219EB62D91D214005AE507 /* XCRemoteSwiftPackageReference "supabase-swift" */,
				E1AD392F2D91D44E00DD6512 /* XCRemoteSwiftPackageReference "GoogleSignIn-iOS" */,
				E16803E02DAFC55000BB0403 /* XCRemoteSwiftPackageReference "firebase-ios-sdk" */,
				E1B036AE2DB52C8C00130B90 /* XCRemoteSwiftPackageReference "swiftui-navigation-stack" */,
			);
			preferredProjectObjectVersion = 77;
			productRefGroup = E128D79E2D41F8DD00D4D559 /* Products */;
			projectDirPath = "";
			projectRoot = "";
			targets = (
				E128D79C2D41F8DD00D4D559 /* iOSclub */,
				E128D7AC2D41F8E000D4D559 /* iOSclubTests */,
				E128D7B62D41F8E000D4D559 /* iOSclubUITests */,
			);
		};
/* End PBXProject section */

/* Begin PBXResourcesBuildPhase section */
		E128D79B2D41F8DD00D4D559 /* Resources */ = {
			isa = PBXResourcesBuildPhase;
			buildActionMask = 2147483647;
			files = (
			);
			runOnlyForDeploymentPostprocessing = 0;
		};
		E128D7AB2D41F8E000D4D559 /* Resources */ = {
			isa = PBXResourcesBuildPhase;
			buildActionMask = 2147483647;
			files = (
			);
			runOnlyForDeploymentPostprocessing = 0;
		};
		E128D7B52D41F8E000D4D559 /* Resources */ = {
			isa = PBXResourcesBuildPhase;
			buildActionMask = 2147483647;
			files = (
			);
			runOnlyForDeploymentPostprocessing = 0;
		};
/* End PBXResourcesBuildPhase section */

/* Begin PBXShellScriptBuildPhase section */
		1E2A50884B6D1B3409D11A6D /* [CP] Check Pods Manifest.lock */ = {
			isa = PBXShellScriptBuildPhase;
			buildActionMask = 2147483647;
			files = (
			);
			inputFileListPaths = (
			);
			inputPaths = (
				"${PODS_PODFILE_DIR_PATH}/Podfile.lock",
				"${PODS_ROOT}/Manifest.lock",
			);
			name = "[CP] Check Pods Manifest.lock";
			outputFileListPaths = (
			);
			outputPaths = (
				"$(DERIVED_FILE_DIR)/Pods-iOSclubTests-checkManifestLockResult.txt",
			);
			runOnlyForDeploymentPostprocessing = 0;
			shellPath = /bin/sh;
			shellScript = "diff \"${PODS_PODFILE_DIR_PATH}/Podfile.lock\" \"${PODS_ROOT}/Manifest.lock\" > /dev/null\nif [ $? != 0 ] ; then\n    # print error to STDERR\n    echo \"error: The sandbox is not in sync with the Podfile.lock. Run 'pod install' or update your CocoaPods installation.\" >&2\n    exit 1\nfi\n# This output is used by Xcode 'outputs' to avoid re-running this script phase.\necho \"SUCCESS\" > \"${SCRIPT_OUTPUT_FILE_0}\"\n";
			showEnvVarsInLog = 0;
		};
		37DD8D4E3C3452F4FF9F64EB /* [CP] Check Pods Manifest.lock */ = {
			isa = PBXShellScriptBuildPhase;
			buildActionMask = 2147483647;
			files = (
			);
			inputFileListPaths = (
			);
			inputPaths = (
				"${PODS_PODFILE_DIR_PATH}/Podfile.lock",
				"${PODS_ROOT}/Manifest.lock",
			);
			name = "[CP] Check Pods Manifest.lock";
			outputFileListPaths = (
			);
			outputPaths = (
				"$(DERIVED_FILE_DIR)/Pods-iOSclub-checkManifestLockResult.txt",
			);
			runOnlyForDeploymentPostprocessing = 0;
			shellPath = /bin/sh;
			shellScript = "diff \"${PODS_PODFILE_DIR_PATH}/Podfile.lock\" \"${PODS_ROOT}/Manifest.lock\" > /dev/null\nif [ $? != 0 ] ; then\n    # print error to STDERR\n    echo \"error: The sandbox is not in sync with the Podfile.lock. Run 'pod install' or update your CocoaPods installation.\" >&2\n    exit 1\nfi\n# This output is used by Xcode 'outputs' to avoid re-running this script phase.\necho \"SUCCESS\" > \"${SCRIPT_OUTPUT_FILE_0}\"\n";
			showEnvVarsInLog = 0;
		};
		BBD917D2E84B6734971D2F78 /* [CP] Check Pods Manifest.lock */ = {
			isa = PBXShellScriptBuildPhase;
			buildActionMask = 2147483647;
			files = (
			);
			inputFileListPaths = (
			);
			inputPaths = (
				"${PODS_PODFILE_DIR_PATH}/Podfile.lock",
				"${PODS_ROOT}/Manifest.lock",
			);
			name = "[CP] Check Pods Manifest.lock";
			outputFileListPaths = (
			);
			outputPaths = (
				"$(DERIVED_FILE_DIR)/Pods-iOSclub-iOSclubUITests-checkManifestLockResult.txt",
			);
			runOnlyForDeploymentPostprocessing = 0;
			shellPath = /bin/sh;
			shellScript = "diff \"${PODS_PODFILE_DIR_PATH}/Podfile.lock\" \"${PODS_ROOT}/Manifest.lock\" > /dev/null\nif [ $? != 0 ] ; then\n    # print error to STDERR\n    echo \"error: The sandbox is not in sync with the Podfile.lock. Run 'pod install' or update your CocoaPods installation.\" >&2\n    exit 1\nfi\n# This output is used by Xcode 'outputs' to avoid re-running this script phase.\necho \"SUCCESS\" > \"${SCRIPT_OUTPUT_FILE_0}\"\n";
			showEnvVarsInLog = 0;
		};
/* End PBXShellScriptBuildPhase section */

/* Begin PBXSourcesBuildPhase section */
		E128D7992D41F8DD00D4D559 /* Sources */ = {
			isa = PBXSourcesBuildPhase;
			buildActionMask = 2147483647;
			files = (
			);
			runOnlyForDeploymentPostprocessing = 0;
		};
		E128D7A92D41F8E000D4D559 /* Sources */ = {
			isa = PBXSourcesBuildPhase;
			buildActionMask = 2147483647;
			files = (
			);
			runOnlyForDeploymentPostprocessing = 0;
		};
		E128D7B32D41F8E000D4D559 /* Sources */ = {
			isa = PBXSourcesBuildPhase;
			buildActionMask = 2147483647;
			files = (
			);
			runOnlyForDeploymentPostprocessing = 0;
		};
/* End PBXSourcesBuildPhase section */

/* Begin PBXTargetDependency section */
		E128D7AF2D41F8E000D4D559 /* PBXTargetDependency */ = {
			isa = PBXTargetDependency;
			target = E128D79C2D41F8DD00D4D559 /* iOSclub */;
			targetProxy = E128D7AE2D41F8E000D4D559 /* PBXContainerItemProxy */;
		};
		E128D7B92D41F8E000D4D559 /* PBXTargetDependency */ = {
			isa = PBXTargetDependency;
			target = E128D79C2D41F8DD00D4D559 /* iOSclub */;
			targetProxy = E128D7B82D41F8E000D4D559 /* PBXContainerItemProxy */;
		};
/* End PBXTargetDependency section */

/* Begin XCBuildConfiguration section */
		E128D7BF2D41F8E000D4D559 /* Debug */ = {
			isa = XCBuildConfiguration;
			buildSettings = {
				ALWAYS_SEARCH_USER_PATHS = NO;
				ASSETCATALOG_COMPILER_GENERATE_SWIFT_ASSET_SYMBOL_EXTENSIONS = YES;
				CLANG_ANALYZER_NONNULL = YES;
				CLANG_ANALYZER_NUMBER_OBJECT_CONVERSION = YES_AGGRESSIVE;
				CLANG_CXX_LANGUAGE_STANDARD = "gnu++20";
				CLANG_ENABLE_MODULES = YES;
				CLANG_ENABLE_OBJC_ARC = YES;
				CLANG_ENABLE_OBJC_WEAK = YES;
				CLANG_WARN_BLOCK_CAPTURE_AUTORELEASING = YES;
				CLANG_WARN_BOOL_CONVERSION = YES;
				CLANG_WARN_COMMA = YES;
				CLANG_WARN_CONSTANT_CONVERSION = YES;
				CLANG_WARN_DEPRECATED_OBJC_IMPLEMENTATIONS = YES;
				CLANG_WARN_DIRECT_OBJC_ISA_USAGE = YES_ERROR;
				CLANG_WARN_DOCUMENTATION_COMMENTS = YES;
				CLANG_WARN_EMPTY_BODY = YES;
				CLANG_WARN_ENUM_CONVERSION = YES;
				CLANG_WARN_INFINITE_RECURSION = YES;
				CLANG_WARN_INT_CONVERSION = YES;
				CLANG_WARN_NON_LITERAL_NULL_CONVERSION = YES;
				CLANG_WARN_OBJC_IMPLICIT_RETAIN_SELF = YES;
				CLANG_WARN_OBJC_LITERAL_CONVERSION = YES;
				CLANG_WARN_OBJC_ROOT_CLASS = YES_ERROR;
				CLANG_WARN_QUOTED_INCLUDE_IN_FRAMEWORK_HEADER = YES;
				CLANG_WARN_RANGE_LOOP_ANALYSIS = YES;
				CLANG_WARN_STRICT_PROTOTYPES = YES;
				CLANG_WARN_SUSPICIOUS_MOVE = YES;
				CLANG_WARN_UNGUARDED_AVAILABILITY = YES_AGGRESSIVE;
				CLANG_WARN_UNREACHABLE_CODE = YES;
				CLANG_WARN__DUPLICATE_METHOD_MATCH = YES;
				COPY_PHASE_STRIP = NO;
				DEBUG_INFORMATION_FORMAT = dwarf;
				ENABLE_STRICT_OBJC_MSGSEND = YES;
				ENABLE_TESTABILITY = YES;
				ENABLE_USER_SCRIPT_SANDBOXING = YES;
				GCC_C_LANGUAGE_STANDARD = gnu17;
				GCC_DYNAMIC_NO_PIC = NO;
				GCC_NO_COMMON_BLOCKS = YES;
				GCC_OPTIMIZATION_LEVEL = 0;
				GCC_PREPROCESSOR_DEFINITIONS = (
					"DEBUG=1",
					"$(inherited)",
				);
				GCC_WARN_64_TO_32_BIT_CONVERSION = YES;
				GCC_WARN_ABOUT_RETURN_TYPE = YES_ERROR;
				GCC_WARN_UNDECLARED_SELECTOR = YES;
				GCC_WARN_UNINITIALIZED_AUTOS = YES_AGGRESSIVE;
				GCC_WARN_UNUSED_FUNCTION = YES;
				GCC_WARN_UNUSED_VARIABLE = YES;
				IPHONEOS_DEPLOYMENT_TARGET = 18.2;
				LOCALIZATION_PREFERS_STRING_CATALOGS = YES;
				MTL_ENABLE_DEBUG_INFO = INCLUDE_SOURCE;
				MTL_FAST_MATH = YES;
				ONLY_ACTIVE_ARCH = YES;
				SDKROOT = iphoneos;
				SWIFT_ACTIVE_COMPILATION_CONDITIONS = "DEBUG $(inherited)";
				SWIFT_OPTIMIZATION_LEVEL = "-Onone";
			};
			name = Debug;
		};
		E128D7C02D41F8E000D4D559 /* Release */ = {
			isa = XCBuildConfiguration;
			buildSettings = {
				ALWAYS_SEARCH_USER_PATHS = NO;
				ASSETCATALOG_COMPILER_GENERATE_SWIFT_ASSET_SYMBOL_EXTENSIONS = YES;
				CLANG_ANALYZER_NONNULL = YES;
				CLANG_ANALYZER_NUMBER_OBJECT_CONVERSION = YES_AGGRESSIVE;
				CLANG_CXX_LANGUAGE_STANDARD = "gnu++20";
				CLANG_ENABLE_MODULES = YES;
				CLANG_ENABLE_OBJC_ARC = YES;
				CLANG_ENABLE_OBJC_WEAK = YES;
				CLANG_WARN_BLOCK_CAPTURE_AUTORELEASING = YES;
				CLANG_WARN_BOOL_CONVERSION = YES;
				CLANG_WARN_COMMA = YES;
				CLANG_WARN_CONSTANT_CONVERSION = YES;
				CLANG_WARN_DEPRECATED_OBJC_IMPLEMENTATIONS = YES;
				CLANG_WARN_DIRECT_OBJC_ISA_USAGE = YES_ERROR;
				CLANG_WARN_DOCUMENTATION_COMMENTS = YES;
				CLANG_WARN_EMPTY_BODY = YES;
				CLANG_WARN_ENUM_CONVERSION = YES;
				CLANG_WARN_INFINITE_RECURSION = YES;
				CLANG_WARN_INT_CONVERSION = YES;
				CLANG_WARN_NON_LITERAL_NULL_CONVERSION = YES;
				CLANG_WARN_OBJC_IMPLICIT_RETAIN_SELF = YES;
				CLANG_WARN_OBJC_LITERAL_CONVERSION = YES;
				CLANG_WARN_OBJC_ROOT_CLASS = YES_ERROR;
				CLANG_WARN_QUOTED_INCLUDE_IN_FRAMEWORK_HEADER = YES;
				CLANG_WARN_RANGE_LOOP_ANALYSIS = YES;
				CLANG_WARN_STRICT_PROTOTYPES = YES;
				CLANG_WARN_SUSPICIOUS_MOVE = YES;
				CLANG_WARN_UNGUARDED_AVAILABILITY = YES_AGGRESSIVE;
				CLANG_WARN_UNREACHABLE_CODE = YES;
				CLANG_WARN__DUPLICATE_METHOD_MATCH = YES;
				COPY_PHASE_STRIP = NO;
				DEBUG_INFORMATION_FORMAT = "dwarf-with-dsym";
				ENABLE_NS_ASSERTIONS = NO;
				ENABLE_STRICT_OBJC_MSGSEND = YES;
				ENABLE_USER_SCRIPT_SANDBOXING = YES;
				GCC_C_LANGUAGE_STANDARD = gnu17;
				GCC_NO_COMMON_BLOCKS = YES;
				GCC_WARN_64_TO_32_BIT_CONVERSION = YES;
				GCC_WARN_ABOUT_RETURN_TYPE = YES_ERROR;
				GCC_WARN_UNDECLARED_SELECTOR = YES;
				GCC_WARN_UNINITIALIZED_AUTOS = YES_AGGRESSIVE;
				GCC_WARN_UNUSED_FUNCTION = YES;
				GCC_WARN_UNUSED_VARIABLE = YES;
				IPHONEOS_DEPLOYMENT_TARGET = 18.2;
				LOCALIZATION_PREFERS_STRING_CATALOGS = YES;
				MTL_ENABLE_DEBUG_INFO = NO;
				MTL_FAST_MATH = YES;
				SDKROOT = iphoneos;
				SWIFT_COMPILATION_MODE = wholemodule;
				VALIDATE_PRODUCT = YES;
			};
			name = Release;
		};
		E128D7C22D41F8E000D4D559 /* Debug */ = {
			isa = XCBuildConfiguration;
			baseConfigurationReference = 0F2F9602572344A7E8523B23 /* Pods-iOSclub.debug.xcconfig */;
			buildSettings = {
				ASSETCATALOG_COMPILER_APPICON_NAME = AppIcon;
				ASSETCATALOG_COMPILER_GLOBAL_ACCENT_COLOR_NAME = AccentColor;
				CODE_SIGN_ENTITLEMENTS = iOSclub/iOSclub.entitlements;
				CODE_SIGN_STYLE = Automatic;
				CURRENT_PROJECT_VERSION = 1;
				DEVELOPMENT_ASSET_PATHS = "\"iOSclub/Preview Content\"";
				DEVELOPMENT_TEAM = "";
				ENABLE_PREVIEWS = YES;
				GENERATE_INFOPLIST_FILE = YES;
				INFOPLIST_KEY_UIApplicationSceneManifest_Generation = YES;
				INFOPLIST_KEY_UIApplicationSupportsIndirectInputEvents = YES;
				INFOPLIST_KEY_UILaunchScreen_Generation = YES;
				INFOPLIST_KEY_UISupportedInterfaceOrientations_iPad = "UIInterfaceOrientationPortrait UIInterfaceOrientationPortraitUpsideDown UIInterfaceOrientationLandscapeLeft UIInterfaceOrientationLandscapeRight";
				INFOPLIST_KEY_UISupportedInterfaceOrientations_iPhone = "UIInterfaceOrientationPortrait UIInterfaceOrientationLandscapeLeft UIInterfaceOrientationLandscapeRight";
				IPHONEOS_DEPLOYMENT_TARGET = 16.6;
				LD_RUNPATH_SEARCH_PATHS = (
					"$(inherited)",
					"@executable_path/Frameworks",
				);
				MARKETING_VERSION = 1.0;
				PRODUCT_BUNDLE_IDENTIFIER = com.madaan.hitesh.iOSclub;
				PRODUCT_NAME = "$(TARGET_NAME)";
				SWIFT_EMIT_LOC_STRINGS = YES;
				SWIFT_VERSION = 5.0;
				TARGETED_DEVICE_FAMILY = "1,2";
			};
			name = Debug;
		};
		E128D7C32D41F8E000D4D559 /* Release */ = {
			isa = XCBuildConfiguration;
			baseConfigurationReference = 2BF0FEA4824042DE30FDB66E /* Pods-iOSclub.release.xcconfig */;
			buildSettings = {
				ASSETCATALOG_COMPILER_APPICON_NAME = AppIcon;
				ASSETCATALOG_COMPILER_GLOBAL_ACCENT_COLOR_NAME = AccentColor;
				CODE_SIGN_ENTITLEMENTS = iOSclub/iOSclub.entitlements;
				CODE_SIGN_STYLE = Automatic;
				CURRENT_PROJECT_VERSION = 1;
				DEVELOPMENT_ASSET_PATHS = "\"iOSclub/Preview Content\"";
				DEVELOPMENT_TEAM = "";
				ENABLE_PREVIEWS = YES;
				GENERATE_INFOPLIST_FILE = YES;
				INFOPLIST_KEY_UIApplicationSceneManifest_Generation = YES;
				INFOPLIST_KEY_UIApplicationSupportsIndirectInputEvents = YES;
				INFOPLIST_KEY_UILaunchScreen_Generation = YES;
				INFOPLIST_KEY_UISupportedInterfaceOrientations_iPad = "UIInterfaceOrientationPortrait UIInterfaceOrientationPortraitUpsideDown UIInterfaceOrientationLandscapeLeft UIInterfaceOrientationLandscapeRight";
				INFOPLIST_KEY_UISupportedInterfaceOrientations_iPhone = "UIInterfaceOrientationPortrait UIInterfaceOrientationLandscapeLeft UIInterfaceOrientationLandscapeRight";
				IPHONEOS_DEPLOYMENT_TARGET = 16.6;
				LD_RUNPATH_SEARCH_PATHS = (
					"$(inherited)",
					"@executable_path/Frameworks",
				);
				MARKETING_VERSION = 1.0;
				PRODUCT_BUNDLE_IDENTIFIER = com.madaan.hitesh.iOSclub;
				PRODUCT_NAME = "$(TARGET_NAME)";
				SWIFT_EMIT_LOC_STRINGS = YES;
				SWIFT_VERSION = 5.0;
				TARGETED_DEVICE_FAMILY = "1,2";
			};
			name = Release;
		};
		E128D7C52D41F8E000D4D559 /* Debug */ = {
			isa = XCBuildConfiguration;
			baseConfigurationReference = 75E88A5A7E9A126BC80AF6AF /* Pods-iOSclubTests.debug.xcconfig */;
			buildSettings = {
				BUNDLE_LOADER = "$(TEST_HOST)";
				CODE_SIGN_STYLE = Automatic;
				CURRENT_PROJECT_VERSION = 1;
				GENERATE_INFOPLIST_FILE = YES;
				IPHONEOS_DEPLOYMENT_TARGET = 18.2;
				MARKETING_VERSION = 1.0;
				PRODUCT_BUNDLE_IDENTIFIER = com.madaan.hitesh.iOSclubTests;
				PRODUCT_NAME = "$(TARGET_NAME)";
				SWIFT_EMIT_LOC_STRINGS = NO;
				SWIFT_VERSION = 5.0;
				TARGETED_DEVICE_FAMILY = "1,2";
				TEST_HOST = "$(BUILT_PRODUCTS_DIR)/iOSclub.app/$(BUNDLE_EXECUTABLE_FOLDER_PATH)/iOSclub";
			};
			name = Debug;
		};
		E128D7C62D41F8E000D4D559 /* Release */ = {
			isa = XCBuildConfiguration;
			baseConfigurationReference = CB811667634A2375D6A2637F /* Pods-iOSclubTests.release.xcconfig */;
			buildSettings = {
				BUNDLE_LOADER = "$(TEST_HOST)";
				CODE_SIGN_STYLE = Automatic;
				CURRENT_PROJECT_VERSION = 1;
				GENERATE_INFOPLIST_FILE = YES;
				IPHONEOS_DEPLOYMENT_TARGET = 18.2;
				MARKETING_VERSION = 1.0;
				PRODUCT_BUNDLE_IDENTIFIER = com.madaan.hitesh.iOSclubTests;
				PRODUCT_NAME = "$(TARGET_NAME)";
				SWIFT_EMIT_LOC_STRINGS = NO;
				SWIFT_VERSION = 5.0;
				TARGETED_DEVICE_FAMILY = "1,2";
				TEST_HOST = "$(BUILT_PRODUCTS_DIR)/iOSclub.app/$(BUNDLE_EXECUTABLE_FOLDER_PATH)/iOSclub";
			};
			name = Release;
		};
		E128D7C82D41F8E000D4D559 /* Debug */ = {
			isa = XCBuildConfiguration;
			baseConfigurationReference = 02E23717E2A4CACA10DC6D71 /* Pods-iOSclub-iOSclubUITests.debug.xcconfig */;
			buildSettings = {
				CODE_SIGN_STYLE = Automatic;
				CURRENT_PROJECT_VERSION = 1;
				GENERATE_INFOPLIST_FILE = YES;
				MARKETING_VERSION = 1.0;
				PRODUCT_BUNDLE_IDENTIFIER = com.madaan.hitesh.iOSclubUITests;
				PRODUCT_NAME = "$(TARGET_NAME)";
				SWIFT_EMIT_LOC_STRINGS = NO;
				SWIFT_VERSION = 5.0;
				TARGETED_DEVICE_FAMILY = "1,2";
				TEST_TARGET_NAME = iOSclub;
			};
			name = Debug;
		};
		E128D7C92D41F8E000D4D559 /* Release */ = {
			isa = XCBuildConfiguration;
			baseConfigurationReference = F15FA5C1EF9DB3CB717A5CB8 /* Pods-iOSclub-iOSclubUITests.release.xcconfig */;
			buildSettings = {
				CODE_SIGN_STYLE = Automatic;
				CURRENT_PROJECT_VERSION = 1;
				GENERATE_INFOPLIST_FILE = YES;
				MARKETING_VERSION = 1.0;
				PRODUCT_BUNDLE_IDENTIFIER = com.madaan.hitesh.iOSclubUITests;
				PRODUCT_NAME = "$(TARGET_NAME)";
				SWIFT_EMIT_LOC_STRINGS = NO;
				SWIFT_VERSION = 5.0;
				TARGETED_DEVICE_FAMILY = "1,2";
				TEST_TARGET_NAME = iOSclub;
			};
			name = Release;
		};
/* End XCBuildConfiguration section */

/* Begin XCConfigurationList section */
		E128D7982D41F8DD00D4D559 /* Build configuration list for PBXProject "iOSclub" */ = {
			isa = XCConfigurationList;
			buildConfigurations = (
				E128D7BF2D41F8E000D4D559 /* Debug */,
				E128D7C02D41F8E000D4D559 /* Release */,
			);
			defaultConfigurationIsVisible = 0;
			defaultConfigurationName = Release;
		};
		E128D7C12D41F8E000D4D559 /* Build configuration list for PBXNativeTarget "iOSclub" */ = {
			isa = XCConfigurationList;
			buildConfigurations = (
				E128D7C22D41F8E000D4D559 /* Debug */,
				E128D7C32D41F8E000D4D559 /* Release */,
			);
			defaultConfigurationIsVisible = 0;
			defaultConfigurationName = Release;
		};
		E128D7C42D41F8E000D4D559 /* Build configuration list for PBXNativeTarget "iOSclubTests" */ = {
			isa = XCConfigurationList;
			buildConfigurations = (
				E128D7C52D41F8E000D4D559 /* Debug */,
				E128D7C62D41F8E000D4D559 /* Release */,
			);
			defaultConfigurationIsVisible = 0;
			defaultConfigurationName = Release;
		};
		E128D7C72D41F8E000D4D559 /* Build configuration list for PBXNativeTarget "iOSclubUITests" */ = {
			isa = XCConfigurationList;
			buildConfigurations = (
				E128D7C82D41F8E000D4D559 /* Debug */,
				E128D7C92D41F8E000D4D559 /* Release */,
			);
			defaultConfigurationIsVisible = 0;
			defaultConfigurationName = Release;
		};
/* End XCConfigurationList section */

/* Begin XCRemoteSwiftPackageReference section */
		E1219EB62D91D214005AE507 /* XCRemoteSwiftPackageReference "supabase-swift" */ = {
			isa = XCRemoteSwiftPackageReference;
			repositoryURL = "https://github.com/supabase/supabase-swift";
			requirement = {
				kind = upToNextMajorVersion;
				minimumVersion = 2.5.1;
			};
		};
		E16803E02DAFC55000BB0403 /* XCRemoteSwiftPackageReference "firebase-ios-sdk" */ = {
			isa = XCRemoteSwiftPackageReference;
			repositoryURL = "https://github.com/firebase/firebase-ios-sdk";
			requirement = {
				kind = upToNextMajorVersion;
				minimumVersion = 11.11.0;
			};
		};
		E1AD392F2D91D44E00DD6512 /* XCRemoteSwiftPackageReference "GoogleSignIn-iOS" */ = {
			isa = XCRemoteSwiftPackageReference;
			repositoryURL = "https://github.com/google/GoogleSignIn-iOS";
			requirement = {
				kind = upToNextMajorVersion;
				minimumVersion = 8.0.0;
			};
		};
		E1B036AE2DB52C8C00130B90 /* XCRemoteSwiftPackageReference "swiftui-navigation-stack" */ = {
			isa = XCRemoteSwiftPackageReference;
			repositoryURL = "https://github.com/matteopuc/swiftui-navigation-stack.git";
			requirement = {
				kind = upToNextMajorVersion;
				minimumVersion = 1.0.6;
			};
		};
/* End XCRemoteSwiftPackageReference section */

/* Begin XCSwiftPackageProductDependency section */
		E16803E12DAFC55000BB0403 /* FirebaseAuth */ = {
			isa = XCSwiftPackageProductDependency;
			package = E16803E02DAFC55000BB0403 /* XCRemoteSwiftPackageReference "firebase-ios-sdk" */;
			productName = FirebaseAuth;
		};
		E16803E32DAFC55000BB0403 /* FirebaseFirestore */ = {
			isa = XCSwiftPackageProductDependency;
			package = E16803E02DAFC55000BB0403 /* XCRemoteSwiftPackageReference "firebase-ios-sdk" */;
			productName = FirebaseFirestore;
		};
		E16803E52DAFC55000BB0403 /* FirebaseMessaging */ = {
			isa = XCSwiftPackageProductDependency;
			package = E16803E02DAFC55000BB0403 /* XCRemoteSwiftPackageReference "firebase-ios-sdk" */;
			productName = FirebaseMessaging;
		};
		E16803E72DAFC55000BB0403 /* FirebaseStorage */ = {
			isa = XCSwiftPackageProductDependency;
			package = E16803E02DAFC55000BB0403 /* XCRemoteSwiftPackageReference "firebase-ios-sdk" */;
			productName = FirebaseStorage;
		};
		E1B036AF2DB52C8C00130B90 /* NavigationStack */ = {
			isa = XCSwiftPackageProductDependency;
			package = E1B036AE2DB52C8C00130B90 /* XCRemoteSwiftPackageReference "swiftui-navigation-stack" */;
			productName = NavigationStack;
		};
		E1CC8FEC2D91DBA700336638 /* GoogleSignIn */ = {
			isa = XCSwiftPackageProductDependency;
			package = E1AD392F2D91D44E00DD6512 /* XCRemoteSwiftPackageReference "GoogleSignIn-iOS" */;
			productName = GoogleSignIn;
		};
		E1CC8FEE2D91DBEC00336638 /* Supabase */ = {
			isa = XCSwiftPackageProductDependency;
			package = E1219EB62D91D214005AE507 /* XCRemoteSwiftPackageReference "supabase-swift" */;
			productName = Supabase;
		};
/* End XCSwiftPackageProductDependency section */
	};
	rootObject = E128D7952D41F8DD00D4D559 /* Project object */;
}
