// !$*UTF8*$!
{
	archiveVersion = 1;
	classes = {
	};
	objectVersion = 77;
	objects = {

/* Begin PBXContainerItemProxy section */
		E128D7AE2D41F8E000D4D559 /* PBXContainerItemProxy */ = {
			isa = PBXContainerItemProxy;
			containerPortal = E128D7952D41F8DD00D4D559 /* Project object */;
			proxyType = 1;
			remoteGlobalIDString = E128D79C2D41F8DD00D4D559;
			remoteInfo = iOSclub;
		};
		E128D7B82D41F8E000D4D559 /* PBXContainerItemProxy */ = {
			isa = PBXContainerItemProxy;
			containerPortal = E128D7952D41F8DD00D4D559 /* Project object */;
			proxyType = 1;
			remoteGlobalIDString = E128D79C2D41F8DD00D4D559;
			remoteInfo = iOSclub;
		};
/* End PBXContainerItemProxy section */

/* Begin PBXFileReference section */
		E128D79D2D41F8DD00D4D559 /* iOSclub.app */ = {isa = PBXFileReference; explicitFileType = wrapper.application; includeInIndex = 0; path = iOSclub.app; sourceTree = BUILT_PRODUCTS_DIR; };
		E128D7AD2D41F8E000D4D559 /* iOSclubTests.xctest */ = {isa = PBXFileReference; explicitFileType = wrapper.cfbundle; includeInIndex = 0; path = iOSclubTests.xctest; sourceTree = BUILT_PRODUCTS_DIR; };
		E128D7B72D41F8E000D4D559 /* iOSclubUITests.xctest */ = {isa = PBXFileReference; explicitFileType = wrapper.cfbundle; includeInIndex = 0; path = iOSclubUITests.xctest; sourceTree = BUILT_PRODUCTS_DIR; };
/* End PBXFileReference section */

/* Begin PBXFileSystemSynchronizedRootGroup section */
		E128D79F2D41F8DD00D4D559 /* iOSclub */ = {
			isa = PBXFileSystemSynchronizedRootGroup;
			path = iOSclub;
			sourceTree = "<group>";
		};
		E128D7B02D41F8E000D4D559 /* iOSclubTests */ = {
			isa = PBXFileSystemSynchronizedRootGroup;
			path = iOSclubTests;
			sourceTree = "<group>";
		};
		E128D7BA2D41F8E000D4D559 /* iOSclubUITests */ = {
			isa = PBXFileSystemSynchronizedRootGroup;
			path = iOSclubUITests;
			sourceTree = "<group>";
		};
/* End PBXFileSystemSynchronizedRootGroup section */

/* Begin PBXFrameworksBuildPhase section */
		E128D79A2D41F8DD00D4D559 /* Frameworks */ = {
			isa = PBXFrameworksBuildPhase;
			buildActionMask = 2147483647;
			files = (
			);
			runOnlyForDeploymentPostprocessing = 0;
		};
		E128D7AA2D41F8E000D4D559 /* Frameworks */ = {
			isa = PBXFrameworksBuildPhase;
			buildActionMask = 2147483647;
			files = (
			);
			runOnlyForDeploymentPostprocessing = 0;
		};
		E128D7B42D41F8E000D4D559 /* Frameworks */ = {
			isa = PBXFrameworksBuildPhase;
			buildActionMask = 2147483647;
			files = (
			);
			runOnlyForDeploymentPostprocessing = 0;
		};
/* End PBXFrameworksBuildPhase section */

/* Begin PBXGroup section */
		E128D7942D41F8DD00D4D559 = {
			isa = PBXGroup;
			children = (
				E128D79F2D41F8DD00D4D559 /* iOSclub */,
				E128D7B02D41F8E000D4D559 /* iOSclubTests */,
				E128D7BA2D41F8E000D4D559 /* iOSclubUITests */,
				E128D79E2D41F8DD00D4D559 /* Products */,
			);
			sourceTree = "<group>";
		};
		E128D79E2D41F8DD00D4D559 /* Products */ = {
			isa = PBXGroup;
			children = (
				E128D79D2D41F8DD00D4D559 /* iOSclub.app */,
				E128D7AD2D41F8E000D4D559 /* iOSclubTests.xctest */,
				E128D7B72D41F8E000D4D559 /* iOSclubUITests.xctest */,
			);
			name = Products;
			sourceTree = "<group>";
		};
/* End PBXGroup section */

/* Begin PBXNativeTarget section */
		E128D79C2D41F8DD00D4D559 /* iOSclub */ = {
			isa = PBXNativeTarget;
			buildConfigurationList = E128D7C12D41F8E000D4D559 /* Build configuration list for PBXNativeTarget "iOSclub" */;
			buildPhases = (
				E128D7992D41F8DD00D4D559 /* Sources */,
				E128D79A2D41F8DD00D4D559 /* Frameworks */,
				E128D79B2D41F8DD00D4D559 /* Resources */,
			);
			buildRules = (
			);
			dependencies = (
			);
			fileSystemSynchronizedGroups = (
				E128D79F2D41F8DD00D4D559 /* iOSclub */,
			);
			name = iOSclub;
			packageProductDependencies = (
			);
			productName = iOSclub;
			productReference = E128D79D2D41F8DD00D4D559 /* iOSclub.app */;
			productType = "com.apple.product-type.application";
		};
		E128D7AC2D41F8E000D4D559 /* iOSclubTests */ = {
			isa = PBXNativeTarget;
			buildConfigurationList = E128D7C42D41F8E000D4D559 /* Build configuration list for PBXNativeTarget "iOSclubTests" */;
			buildPhases = (
				E128D7A92D41F8E000D4D559 /* Sources */,
				E128D7AA2D41F8E000D4D559 /* Frameworks */,
				E128D7AB2D41F8E000D4D559 /* Resources */,
			);
			buildRules = (
			);
			dependencies = (
				E128D7AF2D41F8E000D4D559 /* PBXTargetDependency */,
			);
			fileSystemSynchronizedGroups = (
				E128D7B02D41F8E000D4D559 /* iOSclubTests */,
			);
			name = iOSclubTests;
			packageProductDependencies = (
			);
			productName = iOSclubTests;
			productReference = E128D7AD2D41F8E000D4D559 /* iOSclubTests.xctest */;
			productType = "com.apple.product-type.bundle.unit-test";
		};
		E128D7B62D41F8E000D4D559 /* iOSclubUITests */ = {
			isa = PBXNativeTarget;
			buildConfigurationList = E128D7C72D41F8E000D4D559 /* Build configuration list for PBXNativeTarget "iOSclubUITests" */;
			buildPhases = (
				E128D7B32D41F8E000D4D559 /* Sources */,
				E128D7B42D41F8E000D4D559 /* Frameworks */,
				E128D7B52D41F8E000D4D559 /* Resources */,
			);
			buildRules = (
			);
			dependencies = (
				E128D7B92D41F8E000D4D559 /* PBXTargetDependency */,
			);
			fileSystemSynchronizedGroups = (
				E128D7BA2D41F8E000D4D559 /* iOSclubUITests */,
			);
			name = iOSclubUITests;
			packageProductDependencies = (
			);
			productName = iOSclubUITests;
			productReference = E128D7B72D41F8E000D4D559 /* iOSclubUITests.xctest */;
			productType = "com.apple.product-type.bundle.ui-testing";
		};
/* End PBXNativeTarget section */

/* Begin PBXProject section */
		E128D7952D41F8DD00D4D559 /* Project object */ = {
			isa = PBXProject;
			attributes = {
				BuildIndependentTargetsInParallel = 1;
				LastSwiftUpdateCheck = 1620;
				LastUpgradeCheck = 1620;
				TargetAttributes = {
					E128D79C2D41F8DD00D4D559 = {
						CreatedOnToolsVersion = 16.2;
					};
					E128D7AC2D41F8E000D4D559 = {
						CreatedOnToolsVersion = 16.2;
						TestTargetID = E128D79C2D41F8DD00D4D559;
					};
					E128D7B62D41F8E000D4D559 = {
						CreatedOnToolsVersion = 16.2;
						TestTargetID = E128D79C2D41F8DD00D4D559;
					};
				};
			};
			buildConfigurationList = E128D7982D41F8DD00D4D559 /* Build configuration list for PBXProject "iOSclub" */;
			developmentRegion = en;
			hasScannedForEncodings = 0;
			knownRegions = (
				en,
				Base,
			);
			mainGroup = E128D7942D41F8DD00D4D559;
			minimizedProjectReferenceProxies = 1;
			preferredProjectObjectVersion = 77;
			productRefGroup = E128D79E2D41F8DD00D4D559 /* Products */;
			projectDirPath = "";
			projectRoot = "";
			targets = (
				E128D79C2D41F8DD00D4D559 /* iOSclub */,
				E128D7AC2D41F8E000D4D559 /* iOSclubTests */,
				E128D7B62D41F8E000D4D559 /* iOSclubUITests */,
			);
		};
/* End PBXProject section */

/* Begin PBXResourcesBuildPhase section */
		E128D79B2D41F8DD00D4D559 /* Resources */ = {
			isa = PBXResourcesBuildPhase;
			buildActionMask = 2147483647;
			files = (
			);
			runOnlyForDeploymentPostprocessing = 0;
		};
		E128D7AB2D41F8E000D4D559 /* Resources */ = {
			isa = PBXResourcesBuildPhase;
			buildActionMask = 2147483647;
			files = (
			);
			runOnlyForDeploymentPostprocessing = 0;
		};
		E128D7B52D41F8E000D4D559 /* Resources */ = {
			isa = PBXResourcesBuildPhase;
			buildActionMask = 2147483647;
			files = (
			);
			runOnlyForDeploymentPostprocessing = 0;
		};
/* End PBXResourcesBuildPhase section */

/* Begin PBXSourcesBuildPhase section */
		E128D7992D41F8DD00D4D559 /* Sources */ = {
			isa = PBXSourcesBuildPhase;
			buildActionMask = 2147483647;
			files = (
			);
			runOnlyForDeploymentPostprocessing = 0;
		};
		E128D7A92D41F8E000D4D559 /* Sources */ = {
			isa = PBXSourcesBuildPhase;
			buildActionMask = 2147483647;
			files = (
			);
			runOnlyForDeploymentPostprocessing = 0;
		};
		E128D7B32D41F8E000D4D559 /* Sources */ = {
			isa = PBXSourcesBuildPhase;
			buildActionMask = 2147483647;
			files = (
			);
			runOnlyForDeploymentPostprocessing = 0;
		};
/* End PBXSourcesBuildPhase section */

/* Begin PBXTargetDependency section */
		E128D7AF2D41F8E000D4D559 /* PBXTargetDependency */ = {
			isa = PBXTargetDependency;
			target = E128D79C2D41F8DD00D4D559 /* iOSclub */;
			targetProxy = E128D7AE2D41F8E000D4D559 /* PBXContainerItemProxy */;
		};
		E128D7B92D41F8E000D4D559 /* PBXTargetDependency */ = {
			isa = PBXTargetDependency;
			target = E128D79C2D41F8DD00D4D559 /* iOSclub */;
			targetProxy = E128D7B82D41F8E000D4D559 /* PBXContainerItemProxy */;
		};
/* End PBXTargetDependency section */

/* Begin XCBuildConfiguration section */
		E128D7BF2D41F8E000D4D559 /* Debug */ = {
			isa = XCBuildConfiguration;
			buildSettings = {
				ALWAYS_SEARCH_USER_PATHS = NO;
				ASSETCATALOG_COMPILER_GENERATE_SWIFT_ASSET_SYMBOL_EXTENSIONS = YES;
				CLANG_ANALYZER_NONNULL = YES;
				CLANG_ANALYZER_NUMBER_OBJECT_CONVERSION = YES_AGGRESSIVE;
				CLANG_CXX_LANGUAGE_STANDARD = "gnu++20";
				CLANG_ENABLE_MODULES = YES;
				CLANG_ENABLE_OBJC_ARC = YES;
				CLANG_ENABLE_OBJC_WEAK = YES;
				CLANG_WARN_BLOCK_CAPTURE_AUTORELEASING = YES;
				CLANG_WARN_BOOL_CONVERSION = YES;
				CLANG_WARN_COMMA = YES;
				CLANG_WARN_CONSTANT_CONVERSION = YES;
				CLANG_WARN_DEPRECATED_OBJC_IMPLEMENTATIONS = YES;
				CLANG_WARN_DIRECT_OBJC_ISA_USAGE = YES_ERROR;
				CLANG_WARN_DOCUMENTATION_COMMENTS = YES;
				CLANG_WARN_EMPTY_BODY = YES;
				CLANG_WARN_ENUM_CONVERSION = YES;
				CLANG_WARN_INFINITE_RECURSION = YES;
				CLANG_WARN_INT_CONVERSION = YES;
				CLANG_WARN_NON_LITERAL_NULL_CONVERSION = YES;
				CLANG_WARN_OBJC_IMPLICIT_RETAIN_SELF = YES;
				CLANG_WARN_OBJC_LITERAL_CONVERSION = YES;
				CLANG_WARN_OBJC_ROOT_CLASS = YES_ERROR;
				CLANG_WARN_QUOTED_INCLUDE_IN_FRAMEWORK_HEADER = YES;
				CLANG_WARN_RANGE_LOOP_ANALYSIS = YES;
				CLANG_WARN_STRICT_PROTOTYPES = YES;
				CLANG_WARN_SUSPICIOUS_MOVE = YES;
				CLANG_WARN_UNGUARDED_AVAILABILITY = YES_AGGRESSIVE;
				CLANG_WARN_UNREACHABLE_CODE = YES;
				CLANG_WARN__DUPLICATE_METHOD_MATCH = YES;
				COPY_PHASE_STRIP = NO;
				DEBUG_INFORMATION_FORMAT = dwarf;
				ENABLE_STRICT_OBJC_MSGSEND = YES;
				ENABLE_TESTABILITY = YES;
				ENABLE_USER_SCRIPT_SANDBOXING = YES;
				GCC_C_LANGUAGE_STANDARD = gnu17;
				GCC_DYNAMIC_NO_PIC = NO;
				GCC_NO_COMMON_BLOCKS = YES;
				GCC_OPTIMIZATION_LEVEL = 0;
				GCC_PREPROCESSOR_DEFINITIONS = (
					"DEBUG=1",
					"$(inherited)",
				);
				GCC_WARN_64_TO_32_BIT_CONVERSION = YES;
				GCC_WARN_ABOUT_RETURN_TYPE = YES_ERROR;
				GCC_WARN_UNDECLARED_SELECTOR = YES;
				GCC_WARN_UNINITIALIZED_AUTOS = YES_AGGRESSIVE;
				GCC_WARN_UNUSED_FUNCTION = YES;
				GCC_WARN_UNUSED_VARIABLE = YES;
				IPHONEOS_DEPLOYMENT_TARGET = 18.2;
				LOCALIZATION_PREFERS_STRING_CATALOGS = YES;
				MTL_ENABLE_DEBUG_INFO = INCLUDE_SOURCE;
				MTL_FAST_MATH = YES;
				ONLY_ACTIVE_ARCH = YES;
				SDKROOT = iphoneos;
				SWIFT_ACTIVE_COMPILATION_CONDITIONS = "DEBUG $(inherited)";
				SWIFT_OPTIMIZATION_LEVEL = "-Onone";
			};
			name = Debug;
		};
		E128D7C02D41F8E000D4D559 /* Release */ = {
			isa = XCBuildConfiguration;
			buildSettings = {
				ALWAYS_SEARCH_USER_PATHS = NO;
				ASSETCATALOG_COMPILER_GENERATE_SWIFT_ASSET_SYMBOL_EXTENSIONS = YES;
				CLANG_ANALYZER_NONNULL = YES;
				CLANG_ANALYZER_NUMBER_OBJECT_CONVERSION = YES_AGGRESSIVE;
				CLANG_CXX_LANGUAGE_STANDARD = "gnu++20";
				CLANG_ENABLE_MODULES = YES;
				CLANG_ENABLE_OBJC_ARC = YES;
				CLANG_ENABLE_OBJC_WEAK = YES;
				CLANG_WARN_BLOCK_CAPTURE_AUTORELEASING = YES;
				CLANG_WARN_BOOL_CONVERSION = YES;
				CLANG_WARN_COMMA = YES;
				CLANG_WARN_CONSTANT_CONVERSION = YES;
				CLANG_WARN_DEPRECATED_OBJC_IMPLEMENTATIONS = YES;
				CLANG_WARN_DIRECT_OBJC_ISA_USAGE = YES_ERROR;
				CLANG_WARN_DOCUMENTATION_COMMENTS = YES;
				CLANG_WARN_EMPTY_BODY = YES;
				CLANG_WARN_ENUM_CONVERSION = YES;
				CLANG_WARN_INFINITE_RECURSION = YES;
				CLANG_WARN_INT_CONVERSION = YES;
				CLANG_WARN_NON_LITERAL_NULL_CONVERSION = YES;
				CLANG_WARN_OBJC_IMPLICIT_RETAIN_SELF = YES;
				CLANG_WARN_OBJC_LITERAL_CONVERSION = YES;
				CLANG_WARN_OBJC_ROOT_CLASS = YES_ERROR;
				CLANG_WARN_QUOTED_INCLUDE_IN_FRAMEWORK_HEADER = YES;
				CLANG_WARN_RANGE_LOOP_ANALYSIS = YES;
				CLANG_WARN_STRICT_PROTOTYPES = YES;
				CLANG_WARN_SUSPICIOUS_MOVE = YES;
				CLANG_WARN_UNGUARDED_AVAILABILITY = YES_AGGRESSIVE;
				CLANG_WARN_UNREACHABLE_CODE = YES;
				CLANG_WARN__DUPLICATE_METHOD_MATCH = YES;
				COPY_PHASE_STRIP = NO;
				DEBUG_INFORMATION_FORMAT = "dwarf-with-dsym";
				ENABLE_NS_ASSERTIONS = NO;
				ENABLE_STRICT_OBJC_MSGSEND = YES;
				ENABLE_USER_SCRIPT_SANDBOXING = YES;
				GCC_C_LANGUAGE_STANDARD = gnu17;
				GCC_NO_COMMON_BLOCKS = YES;
				GCC_WARN_64_TO_32_BIT_CONVERSION = YES;
				GCC_WARN_ABOUT_RETURN_TYPE = YES_ERROR;
				GCC_WARN_UNDECLARED_SELECTOR = YES;
				GCC_WARN_UNINITIALIZED_AUTOS = YES_AGGRESSIVE;
				GCC_WARN_UNUSED_FUNCTION = YES;
				GCC_WARN_UNUSED_VARIABLE = YES;
				IPHONEOS_DEPLOYMENT_TARGET = 18.2;
				LOCALIZATION_PREFERS_STRING_CATALOGS = YES;
				MTL_ENABLE_DEBUG_INFO = NO;
				MTL_FAST_MATH = YES;
				SDKROOT = iphoneos;
				SWIFT_COMPILATION_MODE = wholemodule;
				VALIDATE_PRODUCT = YES;
			};
			name = Release;
		};
		E128D7C22D41F8E000D4D559 /* Debug */ = {
			isa = XCBuildConfiguration;
			buildSettings = {
				ASSETCATALOG_COMPILER_APPICON_NAME = AppIcon;
				ASSETCATALOG_COMPILER_GLOBAL_ACCENT_COLOR_NAME = AccentColor;
				CODE_SIGN_STYLE = Automatic;
				CURRENT_PROJECT_VERSION = 1;
				DEVELOPMENT_ASSET_PATHS = "\"iOSclub/Preview Content\"";
				ENABLE_PREVIEWS = YES;
				GENERATE_INFOPLIST_FILE = YES;
				INFOPLIST_KEY_UIApplicationSceneManifest_Generation = YES;
				INFOPLIST_KEY_UIApplicationSupportsIndirectInputEvents = YES;
				INFOPLIST_KEY_UILaunchScreen_Generation = YES;
				INFOPLIST_KEY_UISupportedInterfaceOrientations_iPad = "UIInterfaceOrientationPortrait UIInterfaceOrientationPortraitUpsideDown UIInterfaceOrientationLandscapeLeft UIInterfaceOrientationLandscapeRight";
				INFOPLIST_KEY_UISupportedInterfaceOrientations_iPhone = "UIInterfaceOrientationPortrait UIInterfaceOrientationLandscapeLeft UIInterfaceOrientationLandscapeRight";
				IPHONEOS_DEPLOYMENT_TARGET = 16.6;
				LD_RUNPATH_SEARCH_PATHS = (
					"$(inherited)",
					"@executable_path/Frameworks",
				);
				MARKETING_VERSION = 1.0;
				PRODUCT_BUNDLE_IDENTIFIER = com.madaan.hitesh.iOSclub;
				PRODUCT_NAME = "$(TARGET_NAME)";
				SWIFT_EMIT_LOC_STRINGS = YES;
				SWIFT_VERSION = 5.0;
				TARGETED_DEVICE_FAMILY = "1,2";
			};
			name = Debug;
		};
		E128D7C32D41F8E000D4D559 /* Release */ = {
			isa = XCBuildConfiguration;
			buildSettings = {
				ASSETCATALOG_COMPILER_APPICON_NAME = AppIcon;
				ASSETCATALOG_COMPILER_GLOBAL_ACCENT_COLOR_NAME = AccentColor;
				CODE_SIGN_STYLE = Automatic;
				CURRENT_PROJECT_VERSION = 1;
				DEVELOPMENT_ASSET_PATHS = "\"iOSclub/Preview Content\"";
				ENABLE_PREVIEWS = YES;
				GENERATE_INFOPLIST_FILE = YES;
				INFOPLIST_KEY_UIApplicationSceneManifest_Generation = YES;
				INFOPLIST_KEY_UIApplicationSupportsIndirectInputEvents = YES;
				INFOPLIST_KEY_UILaunchScreen_Generation = YES;
				INFOPLIST_KEY_UISupportedInterfaceOrientations_iPad = "UIInterfaceOrientationPortrait UIInterfaceOrientationPortraitUpsideDown UIInterfaceOrientationLandscapeLeft UIInterfaceOrientationLandscapeRight";
				INFOPLIST_KEY_UISupportedInterfaceOrientations_iPhone = "UIInterfaceOrientationPortrait UIInterfaceOrientationLandscapeLeft UIInterfaceOrientationLandscapeRight";
				IPHONEOS_DEPLOYMENT_TARGET = 16.6;
				LD_RUNPATH_SEARCH_PATHS = (
					"$(inherited)",
					"@executable_path/Frameworks",
				);
				MARKETING_VERSION = 1.0;
				PRODUCT_BUNDLE_IDENTIFIER = com.madaan.hitesh.iOSclub;
				PRODUCT_NAME = "$(TARGET_NAME)";
				SWIFT_EMIT_LOC_STRINGS = YES;
				SWIFT_VERSION = 5.0;
				TARGETED_DEVICE_FAMILY = "1,2";
			};
			name = Release;
		};
		E128D7C52D41F8E000D4D559 /* Debug */ = {
			isa = XCBuildConfiguration;
			buildSettings = {
				BUNDLE_LOADER = "$(TEST_HOST)";
				CODE_SIGN_STYLE = Automatic;
				CURRENT_PROJECT_VERSION = 1;
				GENERATE_INFOPLIST_FILE = YES;
				IPHONEOS_DEPLOYMENT_TARGET = 18.2;
				MARKETING_VERSION = 1.0;
				PRODUCT_BUNDLE_IDENTIFIER = com.madaan.hitesh.iOSclubTests;
				PRODUCT_NAME = "$(TARGET_NAME)";
				SWIFT_EMIT_LOC_STRINGS = NO;
				SWIFT_VERSION = 5.0;
				TARGETED_DEVICE_FAMILY = "1,2";
				TEST_HOST = "$(BUILT_PRODUCTS_DIR)/iOSclub.app/$(BUNDLE_EXECUTABLE_FOLDER_PATH)/iOSclub";
			};
			name = Debug;
		};
		E128D7C62D41F8E000D4D559 /* Release */ = {
			isa = XCBuildConfiguration;
			buildSettings = {
				BUNDLE_LOADER = "$(TEST_HOST)";
				CODE_SIGN_STYLE = Automatic;
				CURRENT_PROJECT_VERSION = 1;
				GENERATE_INFOPLIST_FILE = YES;
				IPHONEOS_DEPLOYMENT_TARGET = 18.2;
				MARKETING_VERSION = 1.0;
				PRODUCT_BUNDLE_IDENTIFIER = com.madaan.hitesh.iOSclubTests;
				PRODUCT_NAME = "$(TARGET_NAME)";
				SWIFT_EMIT_LOC_STRINGS = NO;
				SWIFT_VERSION = 5.0;
				TARGETED_DEVICE_FAMILY = "1,2";
				TEST_HOST = "$(BUILT_PRODUCTS_DIR)/iOSclub.app/$(BUNDLE_EXECUTABLE_FOLDER_PATH)/iOSclub";
			};
			name = Release;
		};
		E128D7C82D41F8E000D4D559 /* Debug */ = {
			isa = XCBuildConfiguration;
			buildSettings = {
				CODE_SIGN_STYLE = Automatic;
				CURRENT_PROJECT_VERSION = 1;
				GENERATE_INFOPLIST_FILE = YES;
				MARKETING_VERSION = 1.0;
				PRODUCT_BUNDLE_IDENTIFIER = com.madaan.hitesh.iOSclubUITests;
				PRODUCT_NAME = "$(TARGET_NAME)";
				SWIFT_EMIT_LOC_STRINGS = NO;
				SWIFT_VERSION = 5.0;
				TARGETED_DEVICE_FAMILY = "1,2";
				TEST_TARGET_NAME = iOSclub;
			};
			name = Debug;
		};
		E128D7C92D41F8E000D4D559 /* Release */ = {
			isa = XCBuildConfiguration;
			buildSettings = {
				CODE_SIGN_STYLE = Automatic;
				CURRENT_PROJECT_VERSION = 1;
				GENERATE_INFOPLIST_FILE = YES;
				MARKETING_VERSION = 1.0;
				PRODUCT_BUNDLE_IDENTIFIER = com.madaan.hitesh.iOSclubUITests;
				PRODUCT_NAME = "$(TARGET_NAME)";
				SWIFT_EMIT_LOC_STRINGS = NO;
				SWIFT_VERSION = 5.0;
				TARGETED_DEVICE_FAMILY = "1,2";
				TEST_TARGET_NAME = iOSclub;
			};
			name = Release;
		};
/* End XCBuildConfiguration section */

/* Begin XCConfigurationList section */
		E128D7982D41F8DD00D4D559 /* Build configuration list for PBXProject "iOSclub" */ = {
			isa = XCConfigurationList;
			buildConfigurations = (
				E128D7BF2D41F8E000D4D559 /* Debug */,
				E128D7C02D41F8E000D4D559 /* Release */,
			);
			defaultConfigurationIsVisible = 0;
			defaultConfigurationName = Release;
		};
		E128D7C12D41F8E000D4D559 /* Build configuration list for PBXNativeTarget "iOSclub" */ = {
			isa = XCConfigurationList;
			buildConfigurations = (
				E128D7C22D41F8E000D4D559 /* Debug */,
				E128D7C32D41F8E000D4D559 /* Release */,
			);
			defaultConfigurationIsVisible = 0;
			defaultConfigurationName = Release;
		};
		E128D7C42D41F8E000D4D559 /* Build configuration list for PBXNativeTarget "iOSclubTests" */ = {
			isa = XCConfigurationList;
			buildConfigurations = (
				E128D7C52D41F8E000D4D559 /* Debug */,
				E128D7C62D41F8E000D4D559 /* Release */,
			);
			defaultConfigurationIsVisible = 0;
			defaultConfigurationName = Release;
		};
		E128D7C72D41F8E000D4D559 /* Build configuration list for PBXNativeTarget "iOSclubUITests" */ = {
			isa = XCConfigurationList;
			buildConfigurations = (
				E128D7C82D41F8E000D4D559 /* Debug */,
				E128D7C92D41F8E000D4D559 /* Release */,
			);
			defaultConfigurationIsVisible = 0;
			defaultConfigurationName = Release;
		};
/* End XCConfigurationList section */
	};
	rootObject = E128D7952D41F8DD00D4D559 /* Project object */;
}
